
Microsoft Visual Studio Solution File, Format Version 12.00
# Visual Studio Version 16
VisualStudioVersion = 16.0.31213.239
MinimumVisualStudioVersion = 10.0.40219.1
Project("{9A19103F-16F7-4668-BE54-9A1E7A4F7556}") = "Enfusion-Deserializer", "Enfusion-Deserializer\Enfusion-Deserializer.csproj", "{6AC65ACD-8AF9-4FA9-998D-EA80FCC22F53}"
EndProject
Project("{9A19103F-16F7-4668-BE54-9A1E7A4F7556}") = "DayZ-Bin-Editor", "DayZ-Bin-Editor\DayZ-Bin-Editor.csproj", "{77420A91-3D66-4B3E-B023-8D1F32E32253}"
EndProject
Project("{9A19103F-16F7-4668-BE54-9A1E7A4F7556}") = "Code-Generator", "Code-Generator\CodeGenerator.csproj", "{B0E73E85-45AB-433D-83FD-370C46503352}"
EndProject
Global
	GlobalSection(SolutionConfigurationPlatforms) = preSolution
		Debug|Any CPU = Debug|Any CPU
		Release|Any CPU = Release|Any CPU
	EndGlobalSection
	GlobalSection(ProjectConfigurationPlatforms) = postSolution
		{6AC65ACD-8AF9-4FA9-998D-EA80FCC22F53}.Debug|Any CPU.ActiveCfg = Debug|Any CPU
		{6AC65ACD-8AF9-4FA9-998D-EA80FCC22F53}.Debug|Any CPU.Build.0 = Debug|Any CPU
		{6AC65ACD-8AF9-4FA9-998D-EA80FCC22F53}.Release|Any CPU.ActiveCfg = Release|Any CPU
		{6AC65ACD-8AF9-4FA9-998D-EA80FCC22F53}.Release|Any CPU.Build.0 = Release|Any CPU
		{77420A91-3D66-4B3E-B023-8D1F32E32253}.Debug|Any CPU.ActiveCfg = Debug|Any CPU
		{77420A91-3D66-4B3E-B023-8D1F32E32253}.Debug|Any CPU.Build.0 = Debug|Any CPU
		{77420A91-3D66-4B3E-B023-8D1F32E32253}.Release|Any CPU.ActiveCfg = Release|Any CPU
		{77420A91-3D66-4B3E-B023-8D1F32E32253}.Release|Any CPU.Build.0 = Release|Any CPU
		{B0E73E85-45AB-433D-83FD-370C46503352}.Debug|Any CPU.ActiveCfg = Debug|Any CPU
		{B0E73E85-45AB-433D-83FD-370C46503352}.Debug|Any CPU.Build.0 = Debug|Any CPU
		{B0E73E85-45AB-433D-83FD-370C46503352}.Release|Any CPU.ActiveCfg = Release|Any CPU
		{B0E73E85-45AB-433D-83FD-370C46503352}.Release|Any CPU.Build.0 = Release|Any CPU
	EndGlobalSection
	GlobalSection(SolutionProperties) = preSolution
		HideSolutionNode = FALSE
	EndGlobalSection
	GlobalSection(ExtensibilityGlobals) = postSolution
		SolutionGuid = {FB807248-ADC9-411E-AA14-51A8F805681D}
	EndGlobalSection
EndGlobal
